// !$*UTF8*$!
{
	archiveVersion = 1;
	classes = {
	};
	objectVersion = 46;
	objects = {

/* Begin PBXBuildFile section */
		281847A51D3E2D130019A6D7 /* AppDelegate.swift in Sources */ = {isa = PBXBuildFile; fileRef = 281847A41D3E2D130019A6D7 /* AppDelegate.swift */; };
		281847A71D3E2D130019A6D7 /* ViewController.swift in Sources */ = {isa = PBXBuildFile; fileRef = 281847A61D3E2D130019A6D7 /* ViewController.swift */; };
		281847AA1D3E2D130019A6D7 /* Main.storyboard in Resources */ = {isa = PBXBuildFile; fileRef = 281847A81D3E2D130019A6D7 /* Main.storyboard */; };
		281847AC1D3E2D130019A6D7 /* Assets.xcassets in Resources */ = {isa = PBXBuildFile; fileRef = 281847AB1D3E2D130019A6D7 /* Assets.xcassets */; };
		281847AF1D3E2D130019A6D7 /* LaunchScreen.storyboard in Resources */ = {isa = PBXBuildFile; fileRef = 281847AD1D3E2D130019A6D7 /* LaunchScreen.storyboard */; };
/* End PBXBuildFile section */

/* Begin PBXFileReference section */
		281847A11D3E2D130019A6D7 /* PokemonGoSwiftAPI.app */ = {isa = PBXFileReference; explicitFileType = wrapper.application; includeInIndex = 0; path = PokemonGoSwiftAPI.app; sourceTree = BUILT_PRODUCTS_DIR; };
		281847A41D3E2D130019A6D7 /* AppDelegate.swift */ = {isa = PBXFileReference; lastKnownFileType = sourcecode.swift; path = AppDelegate.swift; sourceTree = "<group>"; };
		281847A61D3E2D130019A6D7 /* ViewController.swift */ = {isa = PBXFileReference; lastKnownFileType = sourcecode.swift; path = ViewController.swift; sourceTree = "<group>"; };
		281847A91D3E2D130019A6D7 /* Base */ = {isa = PBXFileReference; lastKnownFileType = file.storyboard; name = Base; path = Base.lproj/Main.storyboard; sourceTree = "<group>"; };
		281847AB1D3E2D130019A6D7 /* Assets.xcassets */ = {isa = PBXFileReference; lastKnownFileType = folder.assetcatalog; path = Assets.xcassets; sourceTree = "<group>"; };
		281847AE1D3E2D130019A6D7 /* Base */ = {isa = PBXFileReference; lastKnownFileType = file.storyboard; name = Base; path = Base.lproj/LaunchScreen.storyboard; sourceTree = "<group>"; };
		281847B01D3E2D130019A6D7 /* Info.plist */ = {isa = PBXFileReference; lastKnownFileType = text.plist.xml; path = Info.plist; sourceTree = "<group>"; };
/* End PBXFileReference section */

/* Begin PBXFrameworksBuildPhase section */
		2818479E1D3E2D130019A6D7 /* Frameworks */ = {
			isa = PBXFrameworksBuildPhase;
			buildActionMask = 2147483647;
			files = (
			);
			runOnlyForDeploymentPostprocessing = 0;
		};
/* End PBXFrameworksBuildPhase section */

/* Begin PBXGroup section */
		281847981D3E2D130019A6D7 = {
			isa = PBXGroup;
			children = (
				281847A31D3E2D130019A6D7 /* PokemonGoSwiftAPI */,
				281847A21D3E2D130019A6D7 /* Products */,
			);
			sourceTree = "<group>";
		};
		281847A21D3E2D130019A6D7 /* Products */ = {
			isa = PBXGroup;
			children = (
				281847A11D3E2D130019A6D7 /* PokemonGoSwiftAPI.app */,
			);
			name = Products;
			sourceTree = "<group>";
		};
		281847A31D3E2D130019A6D7 /* PokemonGoSwiftAPI */ = {
			isa = PBXGroup;
			children = (
				281847A41D3E2D130019A6D7 /* AppDelegate.swift */,
				281847A61D3E2D130019A6D7 /* ViewController.swift */,
				281847A81D3E2D130019A6D7 /* Main.storyboard */,
				281847AB1D3E2D130019A6D7 /* Assets.xcassets */,
				281847AD1D3E2D130019A6D7 /* LaunchScreen.storyboard */,
				281847B01D3E2D130019A6D7 /* Info.plist */,
			);
			path = PokemonGoSwiftAPI;
			sourceTree = "<group>";
		};
/* End PBXGroup section */

/* Begin PBXNativeTarget section */
		281847A01D3E2D130019A6D7 /* PokemonGoSwiftAPI */ = {
			isa = PBXNativeTarget;
			buildConfigurationList = 281847B31D3E2D130019A6D7 /* Build configuration list for PBXNativeTarget "PokemonGoSwiftAPI" */;
			buildPhases = (
				2818479D1D3E2D130019A6D7 /* Sources */,
				2818479E1D3E2D130019A6D7 /* Frameworks */,
				2818479F1D3E2D130019A6D7 /* Resources */,
			);
			buildRules = (
			);
			dependencies = (
			);
			name = PokemonGoSwiftAPI;
			productName = PokemonGoSwiftAPI;
			productReference = 281847A11D3E2D130019A6D7 /* PokemonGoSwiftAPI.app */;
			productType = "com.apple.product-type.application";
		};
/* End PBXNativeTarget section */

/* Begin PBXProject section */
		281847991D3E2D130019A6D7 /* Project object */ = {
			isa = PBXProject;
			attributes = {
				LastSwiftUpdateCheck = 0730;
				LastUpgradeCheck = 0730;
				ORGANIZATIONNAME = "Amit Palomo";
				TargetAttributes = {
					281847A01D3E2D130019A6D7 = {
						CreatedOnToolsVersion = 7.3.1;
					};
				};
			};
			buildConfigurationList = 2818479C1D3E2D130019A6D7 /* Build configuration list for PBXProject "PokemonGoSwiftAPI" */;
			compatibilityVersion = "Xcode 3.2";
			developmentRegion = English;
			hasScannedForEncodings = 0;
			knownRegions = (
				en,
				Base,
			);
			mainGroup = 281847981D3E2D130019A6D7;
			productRefGroup = 281847A21D3E2D130019A6D7 /* Products */;
			projectDirPath = "";
			projectRoot = "";
			targets = (
				281847A01D3E2D130019A6D7 /* PokemonGoSwiftAPI */,
			);
		};
/* End PBXProject section */

/* Begin PBXResourcesBuildPhase section */
		2818479F1D3E2D130019A6D7 /* Resources */ = {
			isa = PBXResourcesBuildPhase;
			buildActionMask = 2147483647;
			files = (
				281847AF1D3E2D130019A6D7 /* LaunchScreen.storyboard in Resources */,
				281847AC1D3E2D130019A6D7 /* Assets.xcassets in Resources */,
				281847AA1D3E2D130019A6D7 /* Main.storyboard in Resources */,
			);
			runOnlyForDeploymentPostprocessing = 0;
		};
/* End PBXResourcesBuildPhase section */

/* Begin PBXSourcesBuildPhase section */
		2818479D1D3E2D130019A6D7 /* Sources */ = {
			isa = PBXSourcesBuildPhase;
			buildActionMask = 2147483647;
			files = (
				281847A71D3E2D130019A6D7 /* ViewController.swift in Sources */,
				281847A51D3E2D130019A6D7 /* AppDelegate.swift in Sources */,
			);
			runOnlyForDeploymentPostprocessing = 0;
		};
/* End PBXSourcesBuildPhase section */

/* Begin PBXVariantGroup section */
		281847A81D3E2D130019A6D7 /* Main.storyboard */ = {
			isa = PBXVariantGroup;
			children = (
				281847A91D3E2D130019A6D7 /* Base */,
			);
			name = Main.storyboard;
			sourceTree = "<group>";
		};
		281847AD1D3E2D130019A6D7 /* LaunchScreen.storyboard */ = {
			isa = PBXVariantGroup;
			children = (
				281847AE1D3E2D130019A6D7 /* Base */,
			);
			name = LaunchScreen.storyboard;
			sourceTree = "<group>";
		};
/* End PBXVariantGroup section */

/* Begin XCBuildConfiguration section */
		281847B11D3E2D130019A6D7 /* Debug */ = {
			isa = XCBuildConfiguration;
			buildSettings = {
				ALWAYS_SEARCH_USER_PATHS = NO;
				CLANG_ANALYZER_NONNULL = YES;
				CLANG_CXX_LANGUAGE_STANDARD = "gnu++0x";
				CLANG_CXX_LIBRARY = "libc++";
				CLANG_ENABLE_MODULES = YES;
				CLANG_ENABLE_OBJC_ARC = YES;
				CLANG_WARN_BOOL_CONVERSION = YES;
				CLANG_WARN_CONSTANT_CONVERSION = YES;
				CLANG_WARN_DIRECT_OBJC_ISA_USAGE = YES_ERROR;
				CLANG_WARN_EMPTY_BODY = YES;
				CLANG_WARN_ENUM_CONVERSION = YES;
				CLANG_WARN_INT_CONVERSION = YES;
				CLANG_WARN_OBJC_ROOT_CLASS = YES_ERROR;
				CLANG_WARN_UNREACHABLE_CODE = YES;
				CLANG_WARN__DUPLICATE_METHOD_MATCH = YES;
				"CODE_SIGN_IDENTITY[sdk=iphoneos*]" = "iPhone Developer";
				COPY_PHASE_STRIP = NO;
				DEBUG_INFORMATION_FORMAT = dwarf;
				ENABLE_STRICT_OBJC_MSGSEND = YES;
				ENABLE_TESTABILITY = YES;
				GCC_C_LANGUAGE_STANDARD = gnu99;
				GCC_DYNAMIC_NO_PIC = NO;
				GCC_NO_COMMON_BLOCKS = YES;
				GCC_OPTIMIZATION_LEVEL = 0;
				GCC_PREPROCESSOR_DEFINITIONS = (
					"DEBUG=1",
					"$(inherited)",
				);
				GCC_WARN_64_TO_32_BIT_CONVERSION = YES;
				GCC_WARN_ABOUT_RETURN_TYPE = YES_ERROR;
				GCC_WARN_UNDECLARED_SELECTOR = YES;
				GCC_WARN_UNINITIALIZED_AUTOS = YES_AGGRESSIVE;
				GCC_WARN_UNUSED_FUNCTION = YES;
				GCC_WARN_UNUSED_VARIABLE = YES;
				IPHONEOS_DEPLOYMENT_TARGET = 9.3;
				MTL_ENABLE_DEBUG_INFO = YES;
				ONLY_ACTIVE_ARCH = YES;
				SDKROOT = iphoneos;
				SWIFT_OPTIMIZATION_LEVEL = "-Onone";
			};
			name = Debug;
		};
		281847B21D3E2D130019A6D7 /* Release */ = {
			isa = XCBuildConfiguration;
			buildSettings = {
				ALWAYS_SEARCH_USER_PATHS = NO;
				CLANG_ANALYZER_NONNULL = YES;
				CLANG_CXX_LANGUAGE_STANDARD = "gnu++0x";
				CLANG_CXX_LIBRARY = "libc++";
				CLANG_ENABLE_MODULES = YES;
				CLANG_ENABLE_OBJC_ARC = YES;
				CLANG_WARN_BOOL_CONVERSION = YES;
				CLANG_WARN_CONSTANT_CONVERSION = YES;
				CLANG_WARN_DIRECT_OBJC_ISA_USAGE = YES_ERROR;
				CLANG_WARN_EMPTY_BODY = YES;
				CLANG_WARN_ENUM_CONVERSION = YES;
				CLANG_WARN_INT_CONVERSION = YES;
				CLANG_WARN_OBJC_ROOT_CLASS = YES_ERROR;
				CLANG_WARN_UNREACHABLE_CODE = YES;
				CLANG_WARN__DUPLICATE_METHOD_MATCH = YES;
				"CODE_SIGN_IDENTITY[sdk=iphoneos*]" = "iPhone Developer";
				COPY_PHASE_STRIP = NO;
				DEBUG_INFORMATION_FORMAT = "dwarf-with-dsym";
				ENABLE_NS_ASSERTIONS = NO;
				ENABLE_STRICT_OBJC_MSGSEND = YES;
				GCC_C_LANGUAGE_STANDARD = gnu99;
				GCC_NO_COMMON_BLOCKS = YES;
				GCC_WARN_64_TO_32_BIT_CONVERSION = YES;
				GCC_WARN_ABOUT_RETURN_TYPE = YES_ERROR;
				GCC_WARN_UNDECLARED_SELECTOR = YES;
				GCC_WARN_UNINITIALIZED_AUTOS = YES_AGGRESSIVE;
				GCC_WARN_UNUSED_FUNCTION = YES;
				GCC_WARN_UNUSED_VARIABLE = YES;
				IPHONEOS_DEPLOYMENT_TARGET = 9.3;
				MTL_ENABLE_DEBUG_INFO = NO;
				SDKROOT = iphoneos;
				VALIDATE_PRODUCT = YES;
			};
			name = Release;
		};
		281847B41D3E2D130019A6D7 /* Debug */ = {
			isa = XCBuildConfiguration;
			buildSettings = {
				ASSETCATALOG_COMPILER_APPICON_NAME = AppIcon;
				INFOPLIST_FILE = PokemonGoSwiftAPI/Info.plist;
				LD_RUNPATH_SEARCH_PATHS = "$(inherited) @executable_path/Frameworks";
				PRODUCT_BUNDLE_IDENTIFIER = io.ingeo.PokemonGoSwiftAPI;
				PRODUCT_NAME = "$(TARGET_NAME)";
			};
			name = Debug;
		};
		281847B51D3E2D130019A6D7 /* Release */ = {
			isa = XCBuildConfiguration;
			buildSettings = {
				ASSETCATALOG_COMPILER_APPICON_NAME = AppIcon;
				INFOPLIST_FILE = PokemonGoSwiftAPI/Info.plist;
				LD_RUNPATH_SEARCH_PATHS = "$(inherited) @executable_path/Frameworks";
				PRODUCT_BUNDLE_IDENTIFIER = io.ingeo.PokemonGoSwiftAPI;
				PRODUCT_NAME = "$(TARGET_NAME)";
			};
			name = Release;
		};
/* End XCBuildConfiguration section */

/* Begin XCConfigurationList section */
		2818479C1D3E2D130019A6D7 /* Build configuration list for PBXProject "PokemonGoSwiftAPI" */ = {
			isa = XCConfigurationList;
			buildConfigurations = (
				281847B11D3E2D130019A6D7 /* Debug */,
				281847B21D3E2D130019A6D7 /* Release */,
			);
			defaultConfigurationIsVisible = 0;
			defaultConfigurationName = Release;
		};
		281847B31D3E2D130019A6D7 /* Build configuration list for PBXNativeTarget "PokemonGoSwiftAPI" */ = {
			isa = XCConfigurationList;
			buildConfigurations = (
				281847B41D3E2D130019A6D7 /* Debug */,
				281847B51D3E2D130019A6D7 /* Release */,
			);
			defaultConfigurationIsVisible = 0;
		};
/* End XCConfigurationList section */
	};
	rootObject = 281847991D3E2D130019A6D7 /* Project object */;
}
